Microsoft Visual Studio Solution File, Format Version 12.00
# Visual Studio Version 17
VisualStudioVersion = 17.0.31903.59
MinimumVisualStudioVersion = 10.0.40219.1
Project("{FAE04EC0-301F-11D3-BF4B-00C04F79EFBC}") = "RoMoteNoAds", "src\RoMoteNoAds\RoMoteNoAds.csproj", "{A1B2C3D4-E5F6-7890-ABCD-EF1234567890}"
EndProject
Project("{FAE04EC0-301F-11D3-BF4B-00C04F79EFBC}") = "RoMote.Roku", "src\RoMote.Roku\RoMote.Roku.csproj", "{FB59E2AB-652B-49C7-B43A-70C730874025}"
EndProject
Global
	GlobalSection(SolutionConfigurationPlatforms) = preSolution
		Debug|Any CPU = Debug|Any CPU
		Release|Any CPU = Release|Any CPU
	EndGlobalSection
	GlobalSection(ProjectConfigurationPlatforms) = postSolution
		{A1B2C3D4-E5F6-7890-ABCD-EF1234567890}.Debug|Any CPU.ActiveCfg = Debug|Any CPU
		{A1B2C3D4-E5F6-7890-ABCD-EF1234567890}.Debug|Any CPU.Build.0 = Debug|Any CPU
		{A1B2C3D4-E5F6-7890-ABCD-EF1234567890}.Release|Any CPU.ActiveCfg = Release|Any CPU
		{A1B2C3D4-E5F6-7890-ABCD-EF1234567890}.Release|Any CPU.Build.0 = Release|Any CPU
		{FB59E2AB-652B-49C7-B43A-70C730874025}.Debug|Any CPU.ActiveCfg = Debug|Any CPU
		{FB59E2AB-652B-49C7-B43A-70C730874025}.Debug|Any CPU.Build.0 = Debug|Any CPU
		{FB59E2AB-652B-49C7-B43A-70C730874025}.Release|Any CPU.ActiveCfg = Release|Any CPU
		{FB59E2AB-652B-49C7-B43A-70C730874025}.Release|Any CPU.Build.0 = Release|Any CPU
	EndGlobalSection
EndGlobal
